// !$*UTF8*$!
{
	archiveVersion = 1;
	classes = {
	};
	objectVersion = 46;
	objects = {

/* Begin PBXBuildFile section */
		8949B6C21D017ACF002409EA /* Checkbox.m in Sources */ = {isa = PBXBuildFile; fileRef = 8949B6C11D017ACF002409EA /* Checkbox.m */; };
		8949B6C41D018196002409EA /* QuartzCore.framework in Frameworks */ = {isa = PBXBuildFile; fileRef = 8949B6C31D018196002409EA /* QuartzCore.framework */; };
		8949B6C81D019012002409EA /* CheckboxLayerUnchecked.m in Sources */ = {isa = PBXBuildFile; fileRef = 8949B6C71D019012002409EA /* CheckboxLayerUnchecked.m */; };
		8949B6CB1D01901D002409EA /* CheckboxLayerChecked.m in Sources */ = {isa = PBXBuildFile; fileRef = 8949B6CA1D01901D002409EA /* CheckboxLayerChecked.m */; };
		8949B6CE1D0199CC002409EA /* CheckboxLayer.m in Sources */ = {isa = PBXBuildFile; fileRef = 8949B6CD1D0199CC002409EA /* CheckboxLayer.m */; };
		8970B56F1D06AD7800113D7C /* LocalNotificationsManager.m in Sources */ = {isa = PBXBuildFile; fileRef = 8970B56E1D06AD7800113D7C /* LocalNotificationsManager.m */; };
		8970B5751D06DEC800113D7C /* UILocalNotification+THVPrintingAdditions.m in Sources */ = {isa = PBXBuildFile; fileRef = 8970B5741D06DEC800113D7C /* UILocalNotification+THVPrintingAdditions.m */; };
		8974E3CE1CF8375200CF51A5 /* main.m in Sources */ = {isa = PBXBuildFile; fileRef = 8974E3CD1CF8375200CF51A5 /* main.m */; };
		8974E3D11CF8375200CF51A5 /* AppDelegate.m in Sources */ = {isa = PBXBuildFile; fileRef = 8974E3D01CF8375200CF51A5 /* AppDelegate.m */; };
		8974E3D71CF8375200CF51A5 /* Main.storyboard in Resources */ = {isa = PBXBuildFile; fileRef = 8974E3D51CF8375200CF51A5 /* Main.storyboard */; };
		8974E3DA1CF8375200CF51A5 /* _0DaysABSChallenge.xcdatamodeld in Sources */ = {isa = PBXBuildFile; fileRef = 8974E3D81CF8375200CF51A5 /* _0DaysABSChallenge.xcdatamodeld */; };
		8974E3DC1CF8375200CF51A5 /* Assets.xcassets in Resources */ = {isa = PBXBuildFile; fileRef = 8974E3DB1CF8375200CF51A5 /* Assets.xcassets */; };
		8974E3DF1CF8375200CF51A5 /* LaunchScreen.storyboard in Resources */ = {isa = PBXBuildFile; fileRef = 8974E3DD1CF8375200CF51A5 /* LaunchScreen.storyboard */; };
		8974E3E91CF83B7800CF51A5 /* Commons.m in Sources */ = {isa = PBXBuildFile; fileRef = 8974E3E81CF83B7800CF51A5 /* Commons.m */; };
		8974E40C1CF83E0A00CF51A5 /* MainViewController.m in Sources */ = {isa = PBXBuildFile; fileRef = 8974E40B1CF83E0A00CF51A5 /* MainViewController.m */; };
		8974E4101CF84E2200CF51A5 /* DatabaseInitializer.m in Sources */ = {isa = PBXBuildFile; fileRef = 8974E40F1CF84E2200CF51A5 /* DatabaseInitializer.m */; };
		8974E42F1CF851C800CF51A5 /* ChallengeDayAttempt+CoreDataProperties.m in Sources */ = {isa = PBXBuildFile; fileRef = 8974E4181CF851C800CF51A5 /* ChallengeDayAttempt+CoreDataProperties.m */; };
		8974E4301CF851C800CF51A5 /* ChallengeDayAttempt.m in Sources */ = {isa = PBXBuildFile; fileRef = 8974E41A1CF851C800CF51A5 /* ChallengeDayAttempt.m */; };
		8974E4311CF851C800CF51A5 /* ChallengeDay+CoreDataProperties.m in Sources */ = {isa = PBXBuildFile; fileRef = 8974E41C1CF851C800CF51A5 /* ChallengeDay+CoreDataProperties.m */; };
		8974E4321CF851C800CF51A5 /* ChallengeDay.m in Sources */ = {isa = PBXBuildFile; fileRef = 8974E41E1CF851C800CF51A5 /* ChallengeDay.m */; };
		8974E4331CF851C800CF51A5 /* ParentEntity+CoreDataProperties.m in Sources */ = {isa = PBXBuildFile; fileRef = 8974E4201CF851C800CF51A5 /* ParentEntity+CoreDataProperties.m */; };
		8974E4341CF851C800CF51A5 /* ParentEntity.m in Sources */ = {isa = PBXBuildFile; fileRef = 8974E4221CF851C800CF51A5 /* ParentEntity.m */; };
		8974E4351CF851C800CF51A5 /* Challenge+CoreDataProperties.m in Sources */ = {isa = PBXBuildFile; fileRef = 8974E4241CF851C800CF51A5 /* Challenge+CoreDataProperties.m */; };
		8974E4361CF851C800CF51A5 /* Challenge.m in Sources */ = {isa = PBXBuildFile; fileRef = 8974E4261CF851C800CF51A5 /* Challenge.m */; };
		8974E4371CF851C800CF51A5 /* ChallengeAttempt+CoreDataProperties.m in Sources */ = {isa = PBXBuildFile; fileRef = 8974E4281CF851C800CF51A5 /* ChallengeAttempt+CoreDataProperties.m */; };
		8974E4381CF851C800CF51A5 /* ChallengeAttempt.m in Sources */ = {isa = PBXBuildFile; fileRef = 8974E42A1CF851C800CF51A5 /* ChallengeAttempt.m */; };
		8974E4391CF851C800CF51A5 /* Exercise+CoreDataProperties.m in Sources */ = {isa = PBXBuildFile; fileRef = 8974E42C1CF851C800CF51A5 /* Exercise+CoreDataProperties.m */; };
		8974E43A1CF851C800CF51A5 /* Exercise.m in Sources */ = {isa = PBXBuildFile; fileRef = 8974E42E1CF851C800CF51A5 /* Exercise.m */; };
		8974E43D1CF85F3200CF51A5 /* AddChallengeViewController.m in Sources */ = {isa = PBXBuildFile; fileRef = 8974E43C1CF85F3200CF51A5 /* AddChallengeViewController.m */; };
		897B80D81CF8794B0000A351 /* ChallengeDetailsViewController.m in Sources */ = {isa = PBXBuildFile; fileRef = 897B80D71CF8794B0000A351 /* ChallengeDetailsViewController.m */; };
		897B80DB1CF87A3E0000A351 /* ChosenChallengeConfigurationViewController.m in Sources */ = {isa = PBXBuildFile; fileRef = 897B80DA1CF87A3E0000A351 /* ChosenChallengeConfigurationViewController.m */; };
		89C123761CFC2BBC00AA7807 /* ChallengeDetailsCollectionViewCell.m in Sources */ = {isa = PBXBuildFile; fileRef = 89C123741CFC2BBC00AA7807 /* ChallengeDetailsCollectionViewCell.m */; };
		89EAB33B1CFC558200CCA851 /* ChallengeDetailsCollectionHeaderView.m in Sources */ = {isa = PBXBuildFile; fileRef = 89EAB33A1CFC558200CCA851 /* ChallengeDetailsCollectionHeaderView.m */; };
		89EAB33E1CFC5AD100CCA851 /* ChallengeDayDetailViewController.m in Sources */ = {isa = PBXBuildFile; fileRef = 89EAB33D1CFC5AD100CCA851 /* ChallengeDayDetailViewController.m */; };
		89EAB3421CFC6BDD00CCA851 /* ChallengeDayDetailsTableViewCell.m in Sources */ = {isa = PBXBuildFile; fileRef = 89EAB3401CFC6BDD00CCA851 /* ChallengeDayDetailsTableViewCell.m */; };
		89EAB3471CFEE1C500CCA851 /* NSDate+THVDateAdditions.m in Sources */ = {isa = PBXBuildFile; fileRef = 89EAB3461CFEE1C500CCA851 /* NSDate+THVDateAdditions.m */; };
		89EAB34C1CFF16D400CCA851 /* ExerciseAttempt+CoreDataProperties.m in Sources */ = {isa = PBXBuildFile; fileRef = 89EAB3491CFF16D400CCA851 /* ExerciseAttempt+CoreDataProperties.m */; };
		89EAB34D1CFF16D400CCA851 /* ExerciseAttempt.m in Sources */ = {isa = PBXBuildFile; fileRef = 89EAB34B1CFF16D400CCA851 /* ExerciseAttempt.m */; };
/* End PBXBuildFile section */

/* Begin PBXFileReference section */
		8949B6C01D017ACF002409EA /* Checkbox.h */ = {isa = PBXFileReference; fileEncoding = 4; lastKnownFileType = sourcecode.c.h; path = Checkbox.h; sourceTree = "<group>"; };
		8949B6C11D017ACF002409EA /* Checkbox.m */ = {isa = PBXFileReference; fileEncoding = 4; lastKnownFileType = sourcecode.c.objc; path = Checkbox.m; sourceTree = "<group>"; };
		8949B6C31D018196002409EA /* QuartzCore.framework */ = {isa = PBXFileReference; lastKnownFileType = wrapper.framework; name = QuartzCore.framework; path = System/Library/Frameworks/QuartzCore.framework; sourceTree = SDKROOT; };
		8949B6C61D019012002409EA /* CheckboxLayerUnchecked.h */ = {isa = PBXFileReference; fileEncoding = 4; lastKnownFileType = sourcecode.c.h; path = CheckboxLayerUnchecked.h; sourceTree = "<group>"; };
		8949B6C71D019012002409EA /* CheckboxLayerUnchecked.m */ = {isa = PBXFileReference; fileEncoding = 4; lastKnownFileType = sourcecode.c.objc; path = CheckboxLayerUnchecked.m; sourceTree = "<group>"; };
		8949B6C91D01901D002409EA /* CheckboxLayerChecked.h */ = {isa = PBXFileReference; fileEncoding = 4; lastKnownFileType = sourcecode.c.h; path = CheckboxLayerChecked.h; sourceTree = "<group>"; };
		8949B6CA1D01901D002409EA /* CheckboxLayerChecked.m */ = {isa = PBXFileReference; fileEncoding = 4; lastKnownFileType = sourcecode.c.objc; path = CheckboxLayerChecked.m; sourceTree = "<group>"; };
		8949B6CC1D0199CC002409EA /* CheckboxLayer.h */ = {isa = PBXFileReference; fileEncoding = 4; lastKnownFileType = sourcecode.c.h; path = CheckboxLayer.h; sourceTree = "<group>"; };
		8949B6CD1D0199CC002409EA /* CheckboxLayer.m */ = {isa = PBXFileReference; fileEncoding = 4; lastKnownFileType = sourcecode.c.objc; path = CheckboxLayer.m; sourceTree = "<group>"; };
		8949B6CF1D01B0B1002409EA /* CheckboxDelegate.h */ = {isa = PBXFileReference; fileEncoding = 4; lastKnownFileType = sourcecode.c.h; path = CheckboxDelegate.h; sourceTree = "<group>"; };
		8970B56D1D06AD7800113D7C /* LocalNotificationsManager.h */ = {isa = PBXFileReference; fileEncoding = 4; lastKnownFileType = sourcecode.c.h; path = LocalNotificationsManager.h; sourceTree = "<group>"; };
		8970B56E1D06AD7800113D7C /* LocalNotificationsManager.m */ = {isa = PBXFileReference; fileEncoding = 4; lastKnownFileType = sourcecode.c.objc; path = LocalNotificationsManager.m; sourceTree = "<group>"; };
		8970B5731D06DEC800113D7C /* UILocalNotification+THVPrintingAdditions.h */ = {isa = PBXFileReference; fileEncoding = 4; lastKnownFileType = sourcecode.c.h; path = "UILocalNotification+THVPrintingAdditions.h"; sourceTree = "<group>"; };
		8970B5741D06DEC800113D7C /* UILocalNotification+THVPrintingAdditions.m */ = {isa = PBXFileReference; fileEncoding = 4; lastKnownFileType = sourcecode.c.objc; path = "UILocalNotification+THVPrintingAdditions.m"; sourceTree = "<group>"; };
		8974E3C91CF8375200CF51A5 /* 30DaysABSChallenge.app */ = {isa = PBXFileReference; explicitFileType = wrapper.application; includeInIndex = 0; path = 30DaysABSChallenge.app; sourceTree = BUILT_PRODUCTS_DIR; };
		8974E3CD1CF8375200CF51A5 /* main.m */ = {isa = PBXFileReference; lastKnownFileType = sourcecode.c.objc; path = main.m; sourceTree = "<group>"; };
		8974E3CF1CF8375200CF51A5 /* AppDelegate.h */ = {isa = PBXFileReference; lastKnownFileType = sourcecode.c.h; path = AppDelegate.h; sourceTree = "<group>"; };
		8974E3D01CF8375200CF51A5 /* AppDelegate.m */ = {isa = PBXFileReference; lastKnownFileType = sourcecode.c.objc; path = AppDelegate.m; sourceTree = "<group>"; };
		8974E3D61CF8375200CF51A5 /* Base */ = {isa = PBXFileReference; lastKnownFileType = file.storyboard; name = Base; path = Base.lproj/Main.storyboard; sourceTree = "<group>"; };
		8974E3D91CF8375200CF51A5 /* _0DaysABSChallenge.xcdatamodel */ = {isa = PBXFileReference; lastKnownFileType = wrapper.xcdatamodel; path = _0DaysABSChallenge.xcdatamodel; sourceTree = "<group>"; };
		8974E3DB1CF8375200CF51A5 /* Assets.xcassets */ = {isa = PBXFileReference; lastKnownFileType = folder.assetcatalog; path = Assets.xcassets; sourceTree = "<group>"; };
		8974E3DE1CF8375200CF51A5 /* Base */ = {isa = PBXFileReference; lastKnownFileType = file.storyboard; name = Base; path = Base.lproj/LaunchScreen.storyboard; sourceTree = "<group>"; };
		8974E3E01CF8375200CF51A5 /* Info.plist */ = {isa = PBXFileReference; lastKnownFileType = text.plist.xml; path = Info.plist; sourceTree = "<group>"; };
		8974E3E61CF8386100CF51A5 /* PrefixHeader.pch */ = {isa = PBXFileReference; fileEncoding = 4; lastKnownFileType = sourcecode.c.h; path = PrefixHeader.pch; sourceTree = "<group>"; };
		8974E3E71CF83B7800CF51A5 /* Commons.h */ = {isa = PBXFileReference; fileEncoding = 4; lastKnownFileType = sourcecode.c.h; path = Commons.h; sourceTree = "<group>"; };
		8974E3E81CF83B7800CF51A5 /* Commons.m */ = {isa = PBXFileReference; fileEncoding = 4; lastKnownFileType = sourcecode.c.objc; path = Commons.m; sourceTree = "<group>"; };
		8974E40A1CF83E0A00CF51A5 /* MainViewController.h */ = {isa = PBXFileReference; fileEncoding = 4; lastKnownFileType = sourcecode.c.h; path = MainViewController.h; sourceTree = "<group>"; };
		8974E40B1CF83E0A00CF51A5 /* MainViewController.m */ = {isa = PBXFileReference; fileEncoding = 4; lastKnownFileType = sourcecode.c.objc; path = MainViewController.m; sourceTree = "<group>"; };
		8974E40E1CF84E2200CF51A5 /* DatabaseInitializer.h */ = {isa = PBXFileReference; fileEncoding = 4; lastKnownFileType = sourcecode.c.h; path = DatabaseInitializer.h; sourceTree = "<group>"; };
		8974E40F1CF84E2200CF51A5 /* DatabaseInitializer.m */ = {isa = PBXFileReference; fileEncoding = 4; lastKnownFileType = sourcecode.c.objc; path = DatabaseInitializer.m; sourceTree = "<group>"; };
		8974E4171CF851C800CF51A5 /* ChallengeDayAttempt+CoreDataProperties.h */ = {isa = PBXFileReference; fileEncoding = 4; lastKnownFileType = sourcecode.c.h; path = "ChallengeDayAttempt+CoreDataProperties.h"; sourceTree = "<group>"; };
		8974E4181CF851C800CF51A5 /* ChallengeDayAttempt+CoreDataProperties.m */ = {isa = PBXFileReference; fileEncoding = 4; lastKnownFileType = sourcecode.c.objc; path = "ChallengeDayAttempt+CoreDataProperties.m"; sourceTree = "<group>"; };
		8974E4191CF851C800CF51A5 /* ChallengeDayAttempt.h */ = {isa = PBXFileReference; fileEncoding = 4; lastKnownFileType = sourcecode.c.h; path = ChallengeDayAttempt.h; sourceTree = "<group>"; };
		8974E41A1CF851C800CF51A5 /* ChallengeDayAttempt.m */ = {isa = PBXFileReference; fileEncoding = 4; lastKnownFileType = sourcecode.c.objc; path = ChallengeDayAttempt.m; sourceTree = "<group>"; };
		8974E41B1CF851C800CF51A5 /* ChallengeDay+CoreDataProperties.h */ = {isa = PBXFileReference; fileEncoding = 4; lastKnownFileType = sourcecode.c.h; path = "ChallengeDay+CoreDataProperties.h"; sourceTree = "<group>"; };
		8974E41C1CF851C800CF51A5 /* ChallengeDay+CoreDataProperties.m */ = {isa = PBXFileReference; fileEncoding = 4; lastKnownFileType = sourcecode.c.objc; path = "ChallengeDay+CoreDataProperties.m"; sourceTree = "<group>"; };
		8974E41D1CF851C800CF51A5 /* ChallengeDay.h */ = {isa = PBXFileReference; fileEncoding = 4; lastKnownFileType = sourcecode.c.h; path = ChallengeDay.h; sourceTree = "<group>"; };
		8974E41E1CF851C800CF51A5 /* ChallengeDay.m */ = {isa = PBXFileReference; fileEncoding = 4; lastKnownFileType = sourcecode.c.objc; path = ChallengeDay.m; sourceTree = "<group>"; };
		8974E41F1CF851C800CF51A5 /* ParentEntity+CoreDataProperties.h */ = {isa = PBXFileReference; fileEncoding = 4; lastKnownFileType = sourcecode.c.h; path = "ParentEntity+CoreDataProperties.h"; sourceTree = "<group>"; };
		8974E4201CF851C800CF51A5 /* ParentEntity+CoreDataProperties.m */ = {isa = PBXFileReference; fileEncoding = 4; lastKnownFileType = sourcecode.c.objc; path = "ParentEntity+CoreDataProperties.m"; sourceTree = "<group>"; };
		8974E4211CF851C800CF51A5 /* ParentEntity.h */ = {isa = PBXFileReference; fileEncoding = 4; lastKnownFileType = sourcecode.c.h; path = ParentEntity.h; sourceTree = "<group>"; };
		8974E4221CF851C800CF51A5 /* ParentEntity.m */ = {isa = PBXFileReference; fileEncoding = 4; lastKnownFileType = sourcecode.c.objc; path = ParentEntity.m; sourceTree = "<group>"; };
		8974E4231CF851C800CF51A5 /* Challenge+CoreDataProperties.h */ = {isa = PBXFileReference; fileEncoding = 4; lastKnownFileType = sourcecode.c.h; path = "Challenge+CoreDataProperties.h"; sourceTree = "<group>"; };
		8974E4241CF851C800CF51A5 /* Challenge+CoreDataProperties.m */ = {isa = PBXFileReference; fileEncoding = 4; lastKnownFileType = sourcecode.c.objc; path = "Challenge+CoreDataProperties.m"; sourceTree = "<group>"; };
		8974E4251CF851C800CF51A5 /* Challenge.h */ = {isa = PBXFileReference; fileEncoding = 4; lastKnownFileType = sourcecode.c.h; path = Challenge.h; sourceTree = "<group>"; };
		8974E4261CF851C800CF51A5 /* Challenge.m */ = {isa = PBXFileReference; fileEncoding = 4; lastKnownFileType = sourcecode.c.objc; path = Challenge.m; sourceTree = "<group>"; };
		8974E4271CF851C800CF51A5 /* ChallengeAttempt+CoreDataProperties.h */ = {isa = PBXFileReference; fileEncoding = 4; lastKnownFileType = sourcecode.c.h; path = "ChallengeAttempt+CoreDataProperties.h"; sourceTree = "<group>"; };
		8974E4281CF851C800CF51A5 /* ChallengeAttempt+CoreDataProperties.m */ = {isa = PBXFileReference; fileEncoding = 4; lastKnownFileType = sourcecode.c.objc; path = "ChallengeAttempt+CoreDataProperties.m"; sourceTree = "<group>"; };
		8974E4291CF851C800CF51A5 /* ChallengeAttempt.h */ = {isa = PBXFileReference; fileEncoding = 4; lastKnownFileType = sourcecode.c.h; path = ChallengeAttempt.h; sourceTree = "<group>"; };
		8974E42A1CF851C800CF51A5 /* ChallengeAttempt.m */ = {isa = PBXFileReference; fileEncoding = 4; lastKnownFileType = sourcecode.c.objc; path = ChallengeAttempt.m; sourceTree = "<group>"; };
		8974E42B1CF851C800CF51A5 /* Exercise+CoreDataProperties.h */ = {isa = PBXFileReference; fileEncoding = 4; lastKnownFileType = sourcecode.c.h; path = "Exercise+CoreDataProperties.h"; sourceTree = "<group>"; };
		8974E42C1CF851C800CF51A5 /* Exercise+CoreDataProperties.m */ = {isa = PBXFileReference; fileEncoding = 4; lastKnownFileType = sourcecode.c.objc; path = "Exercise+CoreDataProperties.m"; sourceTree = "<group>"; };
		8974E42D1CF851C800CF51A5 /* Exercise.h */ = {isa = PBXFileReference; fileEncoding = 4; lastKnownFileType = sourcecode.c.h; path = Exercise.h; sourceTree = "<group>"; };
		8974E42E1CF851C800CF51A5 /* Exercise.m */ = {isa = PBXFileReference; fileEncoding = 4; lastKnownFileType = sourcecode.c.objc; path = Exercise.m; sourceTree = "<group>"; };
		8974E43B1CF85F3200CF51A5 /* AddChallengeViewController.h */ = {isa = PBXFileReference; fileEncoding = 4; lastKnownFileType = sourcecode.c.h; path = AddChallengeViewController.h; sourceTree = "<group>"; };
		8974E43C1CF85F3200CF51A5 /* AddChallengeViewController.m */ = {isa = PBXFileReference; fileEncoding = 4; lastKnownFileType = sourcecode.c.objc; path = AddChallengeViewController.m; sourceTree = "<group>"; };
		897B80D61CF8794B0000A351 /* ChallengeDetailsViewController.h */ = {isa = PBXFileReference; fileEncoding = 4; lastKnownFileType = sourcecode.c.h; path = ChallengeDetailsViewController.h; sourceTree = "<group>"; };
		897B80D71CF8794B0000A351 /* ChallengeDetailsViewController.m */ = {isa = PBXFileReference; fileEncoding = 4; lastKnownFileType = sourcecode.c.objc; path = ChallengeDetailsViewController.m; sourceTree = "<group>"; };
		897B80D91CF87A3E0000A351 /* ChosenChallengeConfigurationViewController.h */ = {isa = PBXFileReference; fileEncoding = 4; lastKnownFileType = sourcecode.c.h; path = ChosenChallengeConfigurationViewController.h; sourceTree = "<group>"; };
		897B80DA1CF87A3E0000A351 /* ChosenChallengeConfigurationViewController.m */ = {isa = PBXFileReference; fileEncoding = 4; lastKnownFileType = sourcecode.c.objc; path = ChosenChallengeConfigurationViewController.m; sourceTree = "<group>"; };
		89C123731CFC2BBC00AA7807 /* ChallengeDetailsCollectionViewCell.h */ = {isa = PBXFileReference; fileEncoding = 4; lastKnownFileType = sourcecode.c.h; path = ChallengeDetailsCollectionViewCell.h; sourceTree = "<group>"; };
		89C123741CFC2BBC00AA7807 /* ChallengeDetailsCollectionViewCell.m */ = {isa = PBXFileReference; fileEncoding = 4; lastKnownFileType = sourcecode.c.objc; path = ChallengeDetailsCollectionViewCell.m; sourceTree = "<group>"; };
		89C123791CFC3C7200AA7807 /* ChallengeDataProtocol.h */ = {isa = PBXFileReference; fileEncoding = 4; lastKnownFileType = sourcecode.c.h; path = ChallengeDataProtocol.h; sourceTree = "<group>"; };
		89C1237A1CFC3DA200AA7807 /* ChallengeDayDataProtocol.h */ = {isa = PBXFileReference; fileEncoding = 4; lastKnownFileType = sourcecode.c.h; path = ChallengeDayDataProtocol.h; sourceTree = "<group>"; };
		89EAB3391CFC558200CCA851 /* ChallengeDetailsCollectionHeaderView.h */ = {isa = PBXFileReference; fileEncoding = 4; lastKnownFileType = sourcecode.c.h; path = ChallengeDetailsCollectionHeaderView.h; sourceTree = "<group>"; };
		89EAB33A1CFC558200CCA851 /* ChallengeDetailsCollectionHeaderView.m */ = {isa = PBXFileReference; fileEncoding = 4; lastKnownFileType = sourcecode.c.objc; path = ChallengeDetailsCollectionHeaderView.m; sourceTree = "<group>"; };
		89EAB33C1CFC5AD100CCA851 /* ChallengeDayDetailViewController.h */ = {isa = PBXFileReference; fileEncoding = 4; lastKnownFileType = sourcecode.c.h; path = ChallengeDayDetailViewController.h; sourceTree = "<group>"; };
		89EAB33D1CFC5AD100CCA851 /* ChallengeDayDetailViewController.m */ = {isa = PBXFileReference; fileEncoding = 4; lastKnownFileType = sourcecode.c.objc; path = ChallengeDayDetailViewController.m; sourceTree = "<group>"; };
		89EAB33F1CFC6BDD00CCA851 /* ChallengeDayDetailsTableViewCell.h */ = {isa = PBXFileReference; fileEncoding = 4; lastKnownFileType = sourcecode.c.h; path = ChallengeDayDetailsTableViewCell.h; sourceTree = "<group>"; };
		89EAB3401CFC6BDD00CCA851 /* ChallengeDayDetailsTableViewCell.m */ = {isa = PBXFileReference; fileEncoding = 4; lastKnownFileType = sourcecode.c.objc; path = ChallengeDayDetailsTableViewCell.m; sourceTree = "<group>"; };
		89EAB3451CFEE1C500CCA851 /* NSDate+THVDateAdditions.h */ = {isa = PBXFileReference; fileEncoding = 4; lastKnownFileType = sourcecode.c.h; path = "NSDate+THVDateAdditions.h"; sourceTree = "<group>"; };
		89EAB3461CFEE1C500CCA851 /* NSDate+THVDateAdditions.m */ = {isa = PBXFileReference; fileEncoding = 4; lastKnownFileType = sourcecode.c.objc; path = "NSDate+THVDateAdditions.m"; sourceTree = "<group>"; };
		89EAB3481CFF16D400CCA851 /* ExerciseAttempt+CoreDataProperties.h */ = {isa = PBXFileReference; fileEncoding = 4; lastKnownFileType = sourcecode.c.h; path = "ExerciseAttempt+CoreDataProperties.h"; sourceTree = "<group>"; };
		89EAB3491CFF16D400CCA851 /* ExerciseAttempt+CoreDataProperties.m */ = {isa = PBXFileReference; fileEncoding = 4; lastKnownFileType = sourcecode.c.objc; path = "ExerciseAttempt+CoreDataProperties.m"; sourceTree = "<group>"; };
		89EAB34A1CFF16D400CCA851 /* ExerciseAttempt.h */ = {isa = PBXFileReference; fileEncoding = 4; lastKnownFileType = sourcecode.c.h; path = ExerciseAttempt.h; sourceTree = "<group>"; };
		89EAB34B1CFF16D400CCA851 /* ExerciseAttempt.m */ = {isa = PBXFileReference; fileEncoding = 4; lastKnownFileType = sourcecode.c.objc; path = ExerciseAttempt.m; sourceTree = "<group>"; };
		89EAB34E1CFF18B100CCA851 /* ExerciseDataProtocol.h */ = {isa = PBXFileReference; fileEncoding = 4; lastKnownFileType = sourcecode.c.h; path = ExerciseDataProtocol.h; sourceTree = "<group>"; };
/* End PBXFileReference section */

/* Begin PBXFrameworksBuildPhase section */
		8974E3C61CF8375200CF51A5 /* Frameworks */ = {
			isa = PBXFrameworksBuildPhase;
			buildActionMask = 2147483647;
			files = (
				8949B6C41D018196002409EA /* QuartzCore.framework in Frameworks */,
			);
			runOnlyForDeploymentPostprocessing = 0;
		};
/* End PBXFrameworksBuildPhase section */

/* Begin PBXGroup section */
		8949B6BF1D017AB4002409EA /* CustomControls */ = {
			isa = PBXGroup;
			children = (
				8949B6C51D018FC3002409EA /* Checkbox */,
			);
			path = CustomControls;
			sourceTree = "<group>";
		};
		8949B6C51D018FC3002409EA /* Checkbox */ = {
			isa = PBXGroup;
			children = (
				8949B6C01D017ACF002409EA /* Checkbox.h */,
				8949B6C11D017ACF002409EA /* Checkbox.m */,
				8949B6CC1D0199CC002409EA /* CheckboxLayer.h */,
				8949B6CD1D0199CC002409EA /* CheckboxLayer.m */,
				8949B6C61D019012002409EA /* CheckboxLayerUnchecked.h */,
				8949B6C71D019012002409EA /* CheckboxLayerUnchecked.m */,
				8949B6C91D01901D002409EA /* CheckboxLayerChecked.h */,
				8949B6CA1D01901D002409EA /* CheckboxLayerChecked.m */,
				8949B6CF1D01B0B1002409EA /* CheckboxDelegate.h */,
			);
			name = Checkbox;
			sourceTree = "<group>";
		};
		8974E3C01CF8375200CF51A5 = {
			isa = PBXGroup;
			children = (
				8949B6C31D018196002409EA /* QuartzCore.framework */,
				8974E3CB1CF8375200CF51A5 /* 30DaysABSChallenge */,
				8974E3CA1CF8375200CF51A5 /* Products */,
			);
			sourceTree = "<group>";
		};
		8974E3CA1CF8375200CF51A5 /* Products */ = {
			isa = PBXGroup;
			children = (
				8974E3C91CF8375200CF51A5 /* 30DaysABSChallenge.app */,
			);
			name = Products;
			sourceTree = "<group>";
		};
		8974E3CB1CF8375200CF51A5 /* 30DaysABSChallenge */ = {
			isa = PBXGroup;
			children = (
				89EAB3441CFEE17200CCA851 /* Categories */,
				89C123781CFC3C6900AA7807 /* DTOProtocols */,
				8974E40D1CF84E0A00CF51A5 /* Model */,
				8974E4091CF83DC800CF51A5 /* Views */,
				8974E3EA1CF83C7900CF51A5 /* Entities */,
				8974E3CF1CF8375200CF51A5 /* AppDelegate.h */,
				8974E3D01CF8375200CF51A5 /* AppDelegate.m */,
				8974E3D51CF8375200CF51A5 /* Main.storyboard */,
				8974E3DB1CF8375200CF51A5 /* Assets.xcassets */,
				8974E3DD1CF8375200CF51A5 /* LaunchScreen.storyboard */,
				8974E3E01CF8375200CF51A5 /* Info.plist */,
				8974E3D81CF8375200CF51A5 /* _0DaysABSChallenge.xcdatamodeld */,
				8974E3CC1CF8375200CF51A5 /* Supporting Files */,
			);
			path = 30DaysABSChallenge;
			sourceTree = "<group>";
		};
		8974E3CC1CF8375200CF51A5 /* Supporting Files */ = {
			isa = PBXGroup;
			children = (
				8974E3CD1CF8375200CF51A5 /* main.m */,
				8974E3E61CF8386100CF51A5 /* PrefixHeader.pch */,
				8974E3E71CF83B7800CF51A5 /* Commons.h */,
				8974E3E81CF83B7800CF51A5 /* Commons.m */,
				8970B56D1D06AD7800113D7C /* LocalNotificationsManager.h */,
				8970B56E1D06AD7800113D7C /* LocalNotificationsManager.m */,
			);
			name = "Supporting Files";
			sourceTree = "<group>";
		};
		8974E3EA1CF83C7900CF51A5 /* Entities */ = {
			isa = PBXGroup;
			children = (
				8974E4251CF851C800CF51A5 /* Challenge.h */,
				8974E4261CF851C800CF51A5 /* Challenge.m */,
				8974E4231CF851C800CF51A5 /* Challenge+CoreDataProperties.h */,
				8974E4241CF851C800CF51A5 /* Challenge+CoreDataProperties.m */,
				8974E4291CF851C800CF51A5 /* ChallengeAttempt.h */,
				8974E42A1CF851C800CF51A5 /* ChallengeAttempt.m */,
				8974E4271CF851C800CF51A5 /* ChallengeAttempt+CoreDataProperties.h */,
				8974E4281CF851C800CF51A5 /* ChallengeAttempt+CoreDataProperties.m */,
				8974E41D1CF851C800CF51A5 /* ChallengeDay.h */,
				8974E41E1CF851C800CF51A5 /* ChallengeDay.m */,
				8974E41B1CF851C800CF51A5 /* ChallengeDay+CoreDataProperties.h */,
				8974E41C1CF851C800CF51A5 /* ChallengeDay+CoreDataProperties.m */,
				8974E4191CF851C800CF51A5 /* ChallengeDayAttempt.h */,
				8974E41A1CF851C800CF51A5 /* ChallengeDayAttempt.m */,
				8974E4171CF851C800CF51A5 /* ChallengeDayAttempt+CoreDataProperties.h */,
				8974E4181CF851C800CF51A5 /* ChallengeDayAttempt+CoreDataProperties.m */,
				8974E42D1CF851C800CF51A5 /* Exercise.h */,
				8974E42E1CF851C800CF51A5 /* Exercise.m */,
				8974E42B1CF851C800CF51A5 /* Exercise+CoreDataProperties.h */,
				8974E42C1CF851C800CF51A5 /* Exercise+CoreDataProperties.m */,
				89EAB34A1CFF16D400CCA851 /* ExerciseAttempt.h */,
				89EAB34B1CFF16D400CCA851 /* ExerciseAttempt.m */,
				89EAB3481CFF16D400CCA851 /* ExerciseAttempt+CoreDataProperties.h */,
				89EAB3491CFF16D400CCA851 /* ExerciseAttempt+CoreDataProperties.m */,
				8974E4211CF851C800CF51A5 /* ParentEntity.h */,
				8974E4221CF851C800CF51A5 /* ParentEntity.m */,
				8974E41F1CF851C800CF51A5 /* ParentEntity+CoreDataProperties.h */,
				8974E4201CF851C800CF51A5 /* ParentEntity+CoreDataProperties.m */,
			);
			path = Entities;
			sourceTree = "<group>";
		};
		8974E4091CF83DC800CF51A5 /* Views */ = {
			isa = PBXGroup;
			children = (
				8949B6BF1D017AB4002409EA /* CustomControls */,
				8974E40A1CF83E0A00CF51A5 /* MainViewController.h */,
				8974E40B1CF83E0A00CF51A5 /* MainViewController.m */,
				8974E43B1CF85F3200CF51A5 /* AddChallengeViewController.h */,
				8974E43C1CF85F3200CF51A5 /* AddChallengeViewController.m */,
				897B80D61CF8794B0000A351 /* ChallengeDetailsViewController.h */,
				897B80D71CF8794B0000A351 /* ChallengeDetailsViewController.m */,
				89C123731CFC2BBC00AA7807 /* ChallengeDetailsCollectionViewCell.h */,
				89C123741CFC2BBC00AA7807 /* ChallengeDetailsCollectionViewCell.m */,
				89EAB3391CFC558200CCA851 /* ChallengeDetailsCollectionHeaderView.h */,
				89EAB33A1CFC558200CCA851 /* ChallengeDetailsCollectionHeaderView.m */,
				897B80D91CF87A3E0000A351 /* ChosenChallengeConfigurationViewController.h */,
				897B80DA1CF87A3E0000A351 /* ChosenChallengeConfigurationViewController.m */,
				89EAB33C1CFC5AD100CCA851 /* ChallengeDayDetailViewController.h */,
				89EAB33D1CFC5AD100CCA851 /* ChallengeDayDetailViewController.m */,
				89EAB33F1CFC6BDD00CCA851 /* ChallengeDayDetailsTableViewCell.h */,
				89EAB3401CFC6BDD00CCA851 /* ChallengeDayDetailsTableViewCell.m */,
			);
			path = Views;
			sourceTree = "<group>";
		};
		8974E40D1CF84E0A00CF51A5 /* Model */ = {
			isa = PBXGroup;
			children = (
				8974E40E1CF84E2200CF51A5 /* DatabaseInitializer.h */,
				8974E40F1CF84E2200CF51A5 /* DatabaseInitializer.m */,
			);
			path = Model;
			sourceTree = "<group>";
		};
		89C123781CFC3C6900AA7807 /* DTOProtocols */ = {
			isa = PBXGroup;
			children = (
				89C123791CFC3C7200AA7807 /* ChallengeDataProtocol.h */,
				89C1237A1CFC3DA200AA7807 /* ChallengeDayDataProtocol.h */,
				89EAB34E1CFF18B100CCA851 /* ExerciseDataProtocol.h */,
			);
			path = DTOProtocols;
			sourceTree = "<group>";
		};
		89EAB3441CFEE17200CCA851 /* Categories */ = {
			isa = PBXGroup;
			children = (
				89EAB3451CFEE1C500CCA851 /* NSDate+THVDateAdditions.h */,
				89EAB3461CFEE1C500CCA851 /* NSDate+THVDateAdditions.m */,
				8970B5731D06DEC800113D7C /* UILocalNotification+THVPrintingAdditions.h */,
				8970B5741D06DEC800113D7C /* UILocalNotification+THVPrintingAdditions.m */,
			);
			path = Categories;
			sourceTree = "<group>";
		};
/* End PBXGroup section */

/* Begin PBXNativeTarget section */
		8974E3C81CF8375200CF51A5 /* 30DaysABSChallenge */ = {
			isa = PBXNativeTarget;
			buildConfigurationList = 8974E3E31CF8375200CF51A5 /* Build configuration list for PBXNativeTarget "30DaysABSChallenge" */;
			buildPhases = (
				8974E3C51CF8375200CF51A5 /* Sources */,
				8974E3C61CF8375200CF51A5 /* Frameworks */,
				8974E3C71CF8375200CF51A5 /* Resources */,
			);
			buildRules = (
			);
			dependencies = (
			);
			name = 30DaysABSChallenge;
			productName = 30DaysABSChallenge;
			productReference = 8974E3C91CF8375200CF51A5 /* 30DaysABSChallenge.app */;
			productType = "com.apple.product-type.application";
		};
/* End PBXNativeTarget section */

/* Begin PBXProject section */
		8974E3C11CF8375200CF51A5 /* Project object */ = {
			isa = PBXProject;
			attributes = {
				LastUpgradeCheck = 0730;
				ORGANIZATIONNAME = tahavath;
				TargetAttributes = {
					8974E3C81CF8375200CF51A5 = {
						CreatedOnToolsVersion = 7.3.1;
					};
				};
			};
			buildConfigurationList = 8974E3C41CF8375200CF51A5 /* Build configuration list for PBXProject "30DaysABSChallenge" */;
			compatibilityVersion = "Xcode 3.2";
			developmentRegion = English;
			hasScannedForEncodings = 0;
			knownRegions = (
				en,
				Base,
			);
			mainGroup = 8974E3C01CF8375200CF51A5;
			productRefGroup = 8974E3CA1CF8375200CF51A5 /* Products */;
			projectDirPath = "";
			projectRoot = "";
			targets = (
				8974E3C81CF8375200CF51A5 /* 30DaysABSChallenge */,
			);
		};
/* End PBXProject section */

/* Begin PBXResourcesBuildPhase section */
		8974E3C71CF8375200CF51A5 /* Resources */ = {
			isa = PBXResourcesBuildPhase;
			buildActionMask = 2147483647;
			files = (
				8974E3DF1CF8375200CF51A5 /* LaunchScreen.storyboard in Resources */,
				8974E3DC1CF8375200CF51A5 /* Assets.xcassets in Resources */,
				8974E3D71CF8375200CF51A5 /* Main.storyboard in Resources */,
			);
			runOnlyForDeploymentPostprocessing = 0;
		};
/* End PBXResourcesBuildPhase section */

/* Begin PBXSourcesBuildPhase section */
		8974E3C51CF8375200CF51A5 /* Sources */ = {
			isa = PBXSourcesBuildPhase;
			buildActionMask = 2147483647;
			files = (
				89EAB33E1CFC5AD100CCA851 /* ChallengeDayDetailViewController.m in Sources */,
				8974E4301CF851C800CF51A5 /* ChallengeDayAttempt.m in Sources */,
				8949B6C21D017ACF002409EA /* Checkbox.m in Sources */,
				89EAB33B1CFC558200CCA851 /* ChallengeDetailsCollectionHeaderView.m in Sources */,
				89EAB3471CFEE1C500CCA851 /* NSDate+THVDateAdditions.m in Sources */,
				8974E40C1CF83E0A00CF51A5 /* MainViewController.m in Sources */,
				8949B6CB1D01901D002409EA /* CheckboxLayerChecked.m in Sources */,
				897B80D81CF8794B0000A351 /* ChallengeDetailsViewController.m in Sources */,
				8974E4311CF851C800CF51A5 /* ChallengeDay+CoreDataProperties.m in Sources */,
				8970B5751D06DEC800113D7C /* UILocalNotification+THVPrintingAdditions.m in Sources */,
				8974E3DA1CF8375200CF51A5 /* _0DaysABSChallenge.xcdatamodeld in Sources */,
				8974E4341CF851C800CF51A5 /* ParentEntity.m in Sources */,
				8974E3E91CF83B7800CF51A5 /* Commons.m in Sources */,
				8974E3D11CF8375200CF51A5 /* AppDelegate.m in Sources */,
				8974E43A1CF851C800CF51A5 /* Exercise.m in Sources */,
				8949B6CE1D0199CC002409EA /* CheckboxLayer.m in Sources */,
				8949B6C81D019012002409EA /* CheckboxLayerUnchecked.m in Sources */,
				897B80DB1CF87A3E0000A351 /* ChosenChallengeConfigurationViewController.m in Sources */,
				8974E4331CF851C800CF51A5 /* ParentEntity+CoreDataProperties.m in Sources */,
				8974E3CE1CF8375200CF51A5 /* main.m in Sources */,
				89EAB3421CFC6BDD00CCA851 /* ChallengeDayDetailsTableViewCell.m in Sources */,
				8974E42F1CF851C800CF51A5 /* ChallengeDayAttempt+CoreDataProperties.m in Sources */,
				8974E4321CF851C800CF51A5 /* ChallengeDay.m in Sources */,
				8974E43D1CF85F3200CF51A5 /* AddChallengeViewController.m in Sources */,
				89EAB34D1CFF16D400CCA851 /* ExerciseAttempt.m in Sources */,
				8974E4391CF851C800CF51A5 /* Exercise+CoreDataProperties.m in Sources */,
				8974E4371CF851C800CF51A5 /* ChallengeAttempt+CoreDataProperties.m in Sources */,
				8970B56F1D06AD7800113D7C /* LocalNotificationsManager.m in Sources */,
				89EAB34C1CFF16D400CCA851 /* ExerciseAttempt+CoreDataProperties.m in Sources */,
				89C123761CFC2BBC00AA7807 /* ChallengeDetailsCollectionViewCell.m in Sources */,
				8974E4351CF851C800CF51A5 /* Challenge+CoreDataProperties.m in Sources */,
				8974E4101CF84E2200CF51A5 /* DatabaseInitializer.m in Sources */,
				8974E4361CF851C800CF51A5 /* Challenge.m in Sources */,
				8974E4381CF851C800CF51A5 /* ChallengeAttempt.m in Sources */,
			);
			runOnlyForDeploymentPostprocessing = 0;
		};
/* End PBXSourcesBuildPhase section */

/* Begin PBXVariantGroup section */
		8974E3D51CF8375200CF51A5 /* Main.storyboard */ = {
			isa = PBXVariantGroup;
			children = (
				8974E3D61CF8375200CF51A5 /* Base */,
			);
			name = Main.storyboard;
			sourceTree = "<group>";
		};
		8974E3DD1CF8375200CF51A5 /* LaunchScreen.storyboard */ = {
			isa = PBXVariantGroup;
			children = (
				8974E3DE1CF8375200CF51A5 /* Base */,
			);
			name = LaunchScreen.storyboard;
			sourceTree = "<group>";
		};
/* End PBXVariantGroup section */

/* Begin XCBuildConfiguration section */
		8974E3E11CF8375200CF51A5 /* Debug */ = {
			isa = XCBuildConfiguration;
			buildSettings = {
				ALWAYS_SEARCH_USER_PATHS = NO;
				CLANG_ANALYZER_NONNULL = YES;
				CLANG_CXX_LANGUAGE_STANDARD = "gnu++0x";
				CLANG_CXX_LIBRARY = "libc++";
				CLANG_ENABLE_MODULES = YES;
				CLANG_ENABLE_OBJC_ARC = YES;
				CLANG_WARN_BOOL_CONVERSION = YES;
				CLANG_WARN_CONSTANT_CONVERSION = YES;
				CLANG_WARN_DIRECT_OBJC_ISA_USAGE = YES_ERROR;
				CLANG_WARN_EMPTY_BODY = YES;
				CLANG_WARN_ENUM_CONVERSION = YES;
				CLANG_WARN_INT_CONVERSION = YES;
				CLANG_WARN_OBJC_ROOT_CLASS = YES_ERROR;
				CLANG_WARN_UNREACHABLE_CODE = YES;
				CLANG_WARN__DUPLICATE_METHOD_MATCH = YES;
				"CODE_SIGN_IDENTITY[sdk=iphoneos*]" = "iPhone Developer";
				COPY_PHASE_STRIP = NO;
				DEBUG_INFORMATION_FORMAT = dwarf;
				ENABLE_STRICT_OBJC_MSGSEND = YES;
				ENABLE_TESTABILITY = YES;
				GCC_C_LANGUAGE_STANDARD = gnu99;
				GCC_DYNAMIC_NO_PIC = NO;
				GCC_NO_COMMON_BLOCKS = YES;
				GCC_OPTIMIZATION_LEVEL = 0;
				GCC_PRECOMPILE_PREFIX_HEADER = YES;
				GCC_PREFIX_HEADER = $PROJECT_DIR/30DaysABSChallenge/PrefixHeader.pch;
				GCC_PREPROCESSOR_DEFINITIONS = (
					"DEBUG=1",
					"$(inherited)",
				);
				GCC_WARN_64_TO_32_BIT_CONVERSION = YES;
				GCC_WARN_ABOUT_RETURN_TYPE = YES_ERROR;
				GCC_WARN_UNDECLARED_SELECTOR = YES;
				GCC_WARN_UNINITIALIZED_AUTOS = YES_AGGRESSIVE;
				GCC_WARN_UNUSED_FUNCTION = YES;
				GCC_WARN_UNUSED_VARIABLE = YES;
				IPHONEOS_DEPLOYMENT_TARGET = 9.3;
				MTL_ENABLE_DEBUG_INFO = YES;
				ONLY_ACTIVE_ARCH = YES;
				SDKROOT = iphoneos;
			};
			name = Debug;
		};
		8974E3E21CF8375200CF51A5 /* Release */ = {
			isa = XCBuildConfiguration;
			buildSettings = {
				ALWAYS_SEARCH_USER_PATHS = NO;
				CLANG_ANALYZER_NONNULL = YES;
				CLANG_CXX_LANGUAGE_STANDARD = "gnu++0x";
				CLANG_CXX_LIBRARY = "libc++";
				CLANG_ENABLE_MODULES = YES;
				CLANG_ENABLE_OBJC_ARC = YES;
				CLANG_WARN_BOOL_CONVERSION = YES;
				CLANG_WARN_CONSTANT_CONVERSION = YES;
				CLANG_WARN_DIRECT_OBJC_ISA_USAGE = YES_ERROR;
				CLANG_WARN_EMPTY_BODY = YES;
				CLANG_WARN_ENUM_CONVERSION = YES;
				CLANG_WARN_INT_CONVERSION = YES;
				CLANG_WARN_OBJC_ROOT_CLASS = YES_ERROR;
				CLANG_WARN_UNREACHABLE_CODE = YES;
				CLANG_WARN__DUPLICATE_METHOD_MATCH = YES;
				"CODE_SIGN_IDENTITY[sdk=iphoneos*]" = "iPhone Developer";
				COPY_PHASE_STRIP = NO;
				DEBUG_INFORMATION_FORMAT = "dwarf-with-dsym";
				ENABLE_NS_ASSERTIONS = NO;
				ENABLE_STRICT_OBJC_MSGSEND = YES;
				GCC_C_LANGUAGE_STANDARD = gnu99;
				GCC_NO_COMMON_BLOCKS = YES;
				GCC_PRECOMPILE_PREFIX_HEADER = YES;
				GCC_PREFIX_HEADER = $PROJECT_DIR/30DaysABSChallenge/PrefixHeader.pch;
				GCC_WARN_64_TO_32_BIT_CONVERSION = YES;
				GCC_WARN_ABOUT_RETURN_TYPE = YES_ERROR;
				GCC_WARN_UNDECLARED_SELECTOR = YES;
				GCC_WARN_UNINITIALIZED_AUTOS = YES_AGGRESSIVE;
				GCC_WARN_UNUSED_FUNCTION = YES;
				GCC_WARN_UNUSED_VARIABLE = YES;
				IPHONEOS_DEPLOYMENT_TARGET = 9.3;
				MTL_ENABLE_DEBUG_INFO = NO;
				SDKROOT = iphoneos;
				VALIDATE_PRODUCT = YES;
			};
			name = Release;
		};
		8974E3E41CF8375200CF51A5 /* Debug */ = {
			isa = XCBuildConfiguration;
			buildSettings = {
				ASSETCATALOG_COMPILER_APPICON_NAME = AppIcon;
				GCC_PRECOMPILE_PREFIX_HEADER = $inherited;
				GCC_PREFIX_HEADER = $inherited;
				INFOPLIST_FILE = 30DaysABSChallenge/Info.plist;
				LD_RUNPATH_SEARCH_PATHS = "$(inherited) @executable_path/Frameworks";
				PRODUCT_BUNDLE_IDENTIFIER = "mob.learning.thv.30DaysABSChallenge.-0DaysABSChallenge";
				PRODUCT_NAME = "$(TARGET_NAME)";
			};
			name = Debug;
		};
		8974E3E51CF8375200CF51A5 /* Release */ = {
			isa = XCBuildConfiguration;
			buildSettings = {
				ASSETCATALOG_COMPILER_APPICON_NAME = AppIcon;
				GCC_PRECOMPILE_PREFIX_HEADER = $inherited;
				GCC_PREFIX_HEADER = $inherited;
				INFOPLIST_FILE = 30DaysABSChallenge/Info.plist;
				LD_RUNPATH_SEARCH_PATHS = "$(inherited) @executable_path/Frameworks";
				PRODUCT_BUNDLE_IDENTIFIER = "mob.learning.thv.30DaysABSChallenge.-0DaysABSChallenge";
				PRODUCT_NAME = "$(TARGET_NAME)";
			};
			name = Release;
		};
/* End XCBuildConfiguration section */

/* Begin XCConfigurationList section */
		8974E3C41CF8375200CF51A5 /* Build configuration list for PBXProject "30DaysABSChallenge" */ = {
			isa = XCConfigurationList;
			buildConfigurations = (
				8974E3E11CF8375200CF51A5 /* Debug */,
				8974E3E21CF8375200CF51A5 /* Release */,
			);
			defaultConfigurationIsVisible = 0;
			defaultConfigurationName = Release;
		};
		8974E3E31CF8375200CF51A5 /* Build configuration list for PBXNativeTarget "30DaysABSChallenge" */ = {
			isa = XCConfigurationList;
			buildConfigurations = (
				8974E3E41CF8375200CF51A5 /* Debug */,
				8974E3E51CF8375200CF51A5 /* Release */,
			);
			defaultConfigurationIsVisible = 0;
			defaultConfigurationName = Release;
		};
/* End XCConfigurationList section */

/* Begin XCVersionGroup section */
		8974E3D81CF8375200CF51A5 /* _0DaysABSChallenge.xcdatamodeld */ = {
			isa = XCVersionGroup;
			children = (
				8974E3D91CF8375200CF51A5 /* _0DaysABSChallenge.xcdatamodel */,
			);
			currentVersion = 8974E3D91CF8375200CF51A5 /* _0DaysABSChallenge.xcdatamodel */;
			path = _0DaysABSChallenge.xcdatamodeld;
			sourceTree = "<group>";
			versionGroupType = wrapper.xcdatamodel;
		};
/* End XCVersionGroup section */
	};
	rootObject = 8974E3C11CF8375200CF51A5 /* Project object */;
}
